// !$*UTF8*$!
{
	archiveVersion = 1;
	classes = {
	};
	objectVersion = 48;
	objects = {

/* Begin PBXBuildFile section */
		6DD7D3DB20351B0C004F0355 /* AppDelegate.swift in Sources */ = {isa = PBXBuildFile; fileRef = 6DD7D3DA20351B0C004F0355 /* AppDelegate.swift */; };
		6DD7D3DD20351B0C004F0355 /* ViewController.swift in Sources */ = {isa = PBXBuildFile; fileRef = 6DD7D3DC20351B0C004F0355 /* ViewController.swift */; };
		6DD7D3E020351B0C004F0355 /* Main.storyboard in Resources */ = {isa = PBXBuildFile; fileRef = 6DD7D3DE20351B0C004F0355 /* Main.storyboard */; };
		6DD7D3E220351B0C004F0355 /* Assets.xcassets in Resources */ = {isa = PBXBuildFile; fileRef = 6DD7D3E120351B0C004F0355 /* Assets.xcassets */; };
		6DD7D3E520351B0C004F0355 /* LaunchScreen.storyboard in Resources */ = {isa = PBXBuildFile; fileRef = 6DD7D3E320351B0C004F0355 /* LaunchScreen.storyboard */; };
/* End PBXBuildFile section */

/* Begin PBXFileReference section */
		6DD7D3D720351B0C004F0355 /* Alacer.app */ = {isa = PBXFileReference; explicitFileType = wrapper.application; includeInIndex = 0; path = Alacer.app; sourceTree = BUILT_PRODUCTS_DIR; };
		6DD7D3DA20351B0C004F0355 /* AppDelegate.swift */ = {isa = PBXFileReference; lastKnownFileType = sourcecode.swift; path = AppDelegate.swift; sourceTree = "<group>"; };
		6DD7D3DC20351B0C004F0355 /* ViewController.swift */ = {isa = PBXFileReference; lastKnownFileType = sourcecode.swift; path = ViewController.swift; sourceTree = "<group>"; };
		6DD7D3DF20351B0C004F0355 /* Base */ = {isa = PBXFileReference; lastKnownFileType = file.storyboard; name = Base; path = Base.lproj/Main.storyboard; sourceTree = "<group>"; };
		6DD7D3E120351B0C004F0355 /* Assets.xcassets */ = {isa = PBXFileReference; lastKnownFileType = folder.assetcatalog; path = Assets.xcassets; sourceTree = "<group>"; };
		6DD7D3E420351B0C004F0355 /* Base */ = {isa = PBXFileReference; lastKnownFileType = file.storyboard; name = Base; path = Base.lproj/LaunchScreen.storyboard; sourceTree = "<group>"; };
		6DD7D3E620351B0C004F0355 /* Info.plist */ = {isa = PBXFileReference; lastKnownFileType = text.plist.xml; path = Info.plist; sourceTree = "<group>"; };
/* End PBXFileReference section */

/* Begin PBXFrameworksBuildPhase section */
		6DD7D3D420351B0C004F0355 /* Frameworks */ = {
			isa = PBXFrameworksBuildPhase;
			buildActionMask = 2147483647;
			files = (
			);
			runOnlyForDeploymentPostprocessing = 0;
		};
/* End PBXFrameworksBuildPhase section */

/* Begin PBXGroup section */
		6DD7D3CE20351B0C004F0355 = {
			isa = PBXGroup;
			children = (
				6DD7D3D920351B0C004F0355 /* Alacer */,
				6DD7D3D820351B0C004F0355 /* Products */,
			);
			sourceTree = "<group>";
		};
		6DD7D3D820351B0C004F0355 /* Products */ = {
			isa = PBXGroup;
			children = (
				6DD7D3D720351B0C004F0355 /* Alacer.app */,
			);
			name = Products;
			sourceTree = "<group>";
		};
		6DD7D3D920351B0C004F0355 /* Alacer */ = {
			isa = PBXGroup;
			children = (
				6DD7D3DA20351B0C004F0355 /* AppDelegate.swift */,
				6DD7D3DC20351B0C004F0355 /* ViewController.swift */,
				6DD7D3DE20351B0C004F0355 /* Main.storyboard */,
				6DD7D3E120351B0C004F0355 /* Assets.xcassets */,
				6DD7D3E320351B0C004F0355 /* LaunchScreen.storyboard */,
				6DD7D3E620351B0C004F0355 /* Info.plist */,
			);
			path = Alacer;
			sourceTree = "<group>";
		};
/* End PBXGroup section */

/* Begin PBXNativeTarget section */
		6DD7D3D620351B0C004F0355 /* Alacer */ = {
			isa = PBXNativeTarget;
			buildConfigurationList = 6DD7D3E920351B0C004F0355 /* Build configuration list for PBXNativeTarget "Alacer" */;
			buildPhases = (
				6DD7D3D320351B0C004F0355 /* Sources */,
				6DD7D3D420351B0C004F0355 /* Frameworks */,
				6DD7D3D520351B0C004F0355 /* Resources */,
			);
			buildRules = (
			);
			dependencies = (
			);
			name = Alacer;
			productName = Alacer;
			productReference = 6DD7D3D720351B0C004F0355 /* Alacer.app */;
			productType = "com.apple.product-type.application";
		};
/* End PBXNativeTarget section */

/* Begin PBXProject section */
		6DD7D3CF20351B0C004F0355 /* Project object */ = {
			isa = PBXProject;
			attributes = {
				LastSwiftUpdateCheck = 0920;
				LastUpgradeCheck = 0920;
				ORGANIZATIONNAME = "ResApp Health";
				TargetAttributes = {
					6DD7D3D620351B0C004F0355 = {
						CreatedOnToolsVersion = 9.2;
						ProvisioningStyle = Automatic;
					};
				};
			};
			buildConfigurationList = 6DD7D3D220351B0C004F0355 /* Build configuration list for PBXProject "Alacer" */;
			compatibilityVersion = "Xcode 8.0";
			developmentRegion = en;
			hasScannedForEncodings = 0;
			knownRegions = (
				en,
				Base,
			);
			mainGroup = 6DD7D3CE20351B0C004F0355;
			productRefGroup = 6DD7D3D820351B0C004F0355 /* Products */;
			projectDirPath = "";
			projectRoot = "";
			targets = (
				6DD7D3D620351B0C004F0355 /* Alacer */,
			);
		};
/* End PBXProject section */

/* Begin PBXResourcesBuildPhase section */
		6DD7D3D520351B0C004F0355 /* Resources */ = {
			isa = PBXResourcesBuildPhase;
			buildActionMask = 2147483647;
			files = (
				6DD7D3E520351B0C004F0355 /* LaunchScreen.storyboard in Resources */,
				6DD7D3E220351B0C004F0355 /* Assets.xcassets in Resources */,
				6DD7D3E020351B0C004F0355 /* Main.storyboard in Resources */,
			);
			runOnlyForDeploymentPostprocessing = 0;
		};
/* End PBXResourcesBuildPhase section */

/* Begin PBXSourcesBuildPhase section */
		6DD7D3D320351B0C004F0355 /* Sources */ = {
			isa = PBXSourcesBuildPhase;
			buildActionMask = 2147483647;
			files = (
				6DD7D3DD20351B0C004F0355 /* ViewController.swift in Sources */,
				6DD7D3DB20351B0C004F0355 /* AppDelegate.swift in Sources */,
			);
			runOnlyForDeploymentPostprocessing = 0;
		};
/* End PBXSourcesBuildPhase section */

/* Begin PBXVariantGroup section */
		6DD7D3DE20351B0C004F0355 /* Main.storyboard */ = {
			isa = PBXVariantGroup;
			children = (
				6DD7D3DF20351B0C004F0355 /* Base */,
			);
			name = Main.storyboard;
			sourceTree = "<group>";
		};
		6DD7D3E320351B0C004F0355 /* LaunchScreen.storyboard */ = {
			isa = PBXVariantGroup;
			children = (
				6DD7D3E420351B0C004F0355 /* Base */,
			);
			name = LaunchScreen.storyboard;
			sourceTree = "<group>";
		};
/* End PBXVariantGroup section */

/* Begin XCBuildConfiguration section */
		6DD7D3E720351B0C004F0355 /* Debug */ = {
			isa = XCBuildConfiguration;
			buildSettings = {
				ALWAYS_SEARCH_USER_PATHS = NO;
				CLANG_ANALYZER_NONNULL = YES;
				CLANG_ANALYZER_NUMBER_OBJECT_CONVERSION = YES_AGGRESSIVE;
				CLANG_CXX_LANGUAGE_STANDARD = "gnu++14";
				CLANG_CXX_LIBRARY = "libc++";
				CLANG_ENABLE_MODULES = YES;
				CLANG_ENABLE_OBJC_ARC = YES;
				CLANG_WARN_BLOCK_CAPTURE_AUTORELEASING = YES;
				CLANG_WARN_BOOL_CONVERSION = YES;
				CLANG_WARN_COMMA = YES;
				CLANG_WARN_CONSTANT_CONVERSION = YES;
				CLANG_WARN_DIRECT_OBJC_ISA_USAGE = YES_ERROR;
				CLANG_WARN_DOCUMENTATION_COMMENTS = YES;
				CLANG_WARN_EMPTY_BODY = YES;
				CLANG_WARN_ENUM_CONVERSION = YES;
				CLANG_WARN_INFINITE_RECURSION = YES;
				CLANG_WARN_INT_CONVERSION = YES;
				CLANG_WARN_NON_LITERAL_NULL_CONVERSION = YES;
				CLANG_WARN_OBJC_LITERAL_CONVERSION = YES;
				CLANG_WARN_OBJC_ROOT_CLASS = YES_ERROR;
				CLANG_WARN_RANGE_LOOP_ANALYSIS = YES;
				CLANG_WARN_STRICT_PROTOTYPES = YES;
				CLANG_WARN_SUSPICIOUS_MOVE = YES;
				CLANG_WARN_UNGUARDED_AVAILABILITY = YES_AGGRESSIVE;
				CLANG_WARN_UNREACHABLE_CODE = YES;
				CLANG_WARN__DUPLICATE_METHOD_MATCH = YES;
				CODE_SIGN_IDENTITY = "iPhone Developer";
				COPY_PHASE_STRIP = NO;
				DEBUG_INFORMATION_FORMAT = dwarf;
				ENABLE_STRICT_OBJC_MSGSEND = YES;
				ENABLE_TESTABILITY = YES;
				GCC_C_LANGUAGE_STANDARD = gnu11;
				GCC_DYNAMIC_NO_PIC = NO;
				GCC_NO_COMMON_BLOCKS = YES;
				GCC_OPTIMIZATION_LEVEL = 0;
				GCC_PREPROCESSOR_DEFINITIONS = (
					"DEBUG=1",
					"$(inherited)",
				);
				GCC_WARN_64_TO_32_BIT_CONVERSION = YES;
				GCC_WARN_ABOUT_RETURN_TYPE = YES_ERROR;
				GCC_WARN_UNDECLARED_SELECTOR = YES;
				GCC_WARN_UNINITIALIZED_AUTOS = YES_AGGRESSIVE;
				GCC_WARN_UNUSED_FUNCTION = YES;
				GCC_WARN_UNUSED_VARIABLE = YES;
				IPHONEOS_DEPLOYMENT_TARGET = 11.2;
				MTL_ENABLE_DEBUG_INFO = YES;
				ONLY_ACTIVE_ARCH = YES;
				SDKROOT = iphoneos;
				SWIFT_ACTIVE_COMPILATION_CONDITIONS = DEBUG;
				SWIFT_OPTIMIZATION_LEVEL = "-Onone";
			};
			name = Debug;
		};
		6DD7D3E820351B0C004F0355 /* Release */ = {
			isa = XCBuildConfiguration;
			buildSettings = {
				ALWAYS_SEARCH_USER_PATHS = NO;
				CLANG_ANALYZER_NONNULL = YES;
				CLANG_ANALYZER_NUMBER_OBJECT_CONVERSION = YES_AGGRESSIVE;
				CLANG_CXX_LANGUAGE_STANDARD = "gnu++14";
				CLANG_CXX_LIBRARY = "libc++";
				CLANG_ENABLE_MODULES = YES;
				CLANG_ENABLE_OBJC_ARC = YES;
				CLANG_WARN_BLOCK_CAPTURE_AUTORELEASING = YES;
				CLANG_WARN_BOOL_CONVERSION = YES;
				CLANG_WARN_COMMA = YES;
				CLANG_WARN_CONSTANT_CONVERSION = YES;
				CLANG_WARN_DIRECT_OBJC_ISA_USAGE = YES_ERROR;
				CLANG_WARN_DOCUMENTATION_COMMENTS = YES;
				CLANG_WARN_EMPTY_BODY = YES;
				CLANG_WARN_ENUM_CONVERSION = YES;
				CLANG_WARN_INFINITE_RECURSION = YES;
				CLANG_WARN_INT_CONVERSION = YES;
				CLANG_WARN_NON_LITERAL_NULL_CONVERSION = YES;
				CLANG_WARN_OBJC_LITERAL_CONVERSION = YES;
				CLANG_WARN_OBJC_ROOT_CLASS = YES_ERROR;
				CLANG_WARN_RANGE_LOOP_ANALYSIS = YES;
				CLANG_WARN_STRICT_PROTOTYPES = YES;
				CLANG_WARN_SUSPICIOUS_MOVE = YES;
				CLANG_WARN_UNGUARDED_AVAILABILITY = YES_AGGRESSIVE;
				CLANG_WARN_UNREACHABLE_CODE = YES;
				CLANG_WARN__DUPLICATE_METHOD_MATCH = YES;
				CODE_SIGN_IDENTITY = "iPhone Developer";
				COPY_PHASE_STRIP = NO;
				DEBUG_INFORMATION_FORMAT = "dwarf-with-dsym";
				ENABLE_NS_ASSERTIONS = NO;
				ENABLE_STRICT_OBJC_MSGSEND = YES;
				GCC_C_LANGUAGE_STANDARD = gnu11;
				GCC_NO_COMMON_BLOCKS = YES;
				GCC_WARN_64_TO_32_BIT_CONVERSION = YES;
				GCC_WARN_ABOUT_RETURN_TYPE = YES_ERROR;
				GCC_WARN_UNDECLARED_SELECTOR = YES;
				GCC_WARN_UNINITIALIZED_AUTOS = YES_AGGRESSIVE;
				GCC_WARN_UNUSED_FUNCTION = YES;
				GCC_WARN_UNUSED_VARIABLE = YES;
				IPHONEOS_DEPLOYMENT_TARGET = 11.2;
				MTL_ENABLE_DEBUG_INFO = NO;
				SDKROOT = iphoneos;
				SWIFT_OPTIMIZATION_LEVEL = "-Owholemodule";
				VALIDATE_PRODUCT = YES;
			};
			name = Release;
		};
		6DD7D3EA20351B0C004F0355 /* Debug */ = {
			isa = XCBuildConfiguration;
			buildSettings = {
				ASSETCATALOG_COMPILER_APPICON_NAME = AppIcon;
				CODE_SIGN_STYLE = Automatic;
				DEVELOPMENT_TEAM = 7LVPUEU3MG;
				INFOPLIST_FILE = Alacer/Info.plist;
				LD_RUNPATH_SEARCH_PATHS = "$(inherited) @executable_path/Frameworks";
				PRODUCT_BUNDLE_IDENTIFIER = au.com.resapphealth.Alacer;
				PRODUCT_NAME = "$(TARGET_NAME)";
				SWIFT_VERSION = 4.0;
				TARGETED_DEVICE_FAMILY = "1,2";
			};
			name = Debug;
		};
		6DD7D3EB20351B0C004F0355 /* Release */ = {
			isa = XCBuildConfiguration;
			buildSettings = {
				ASSETCATALOG_COMPILER_APPICON_NAME = AppIcon;
				CODE_SIGN_STYLE = Automatic;
				DEVELOPMENT_TEAM = 7LVPUEU3MG;
				INFOPLIST_FILE = Alacer/Info.plist;
				LD_RUNPATH_SEARCH_PATHS = "$(inherited) @executable_path/Frameworks";
				PRODUCT_BUNDLE_IDENTIFIER = au.com.resapphealth.Alacer;
				PRODUCT_NAME = "$(TARGET_NAME)";
				SWIFT_VERSION = 4.0;
				TARGETED_DEVICE_FAMILY = "1,2";
			};
			name = Release;
		};
/* End XCBuildConfiguration section */

/* Begin XCConfigurationList section */
		6DD7D3D220351B0C004F0355 /* Build configuration list for PBXProject "Alacer" */ = {
			isa = XCConfigurationList;
			buildConfigurations = (
				6DD7D3E720351B0C004F0355 /* Debug */,
				6DD7D3E820351B0C004F0355 /* Release */,
			);
			defaultConfigurationIsVisible = 0;
			defaultConfigurationName = Release;
		};
		6DD7D3E920351B0C004F0355 /* Build configuration list for PBXNativeTarget "Alacer" */ = {
			isa = XCConfigurationList;
			buildConfigurations = (
				6DD7D3EA20351B0C004F0355 /* Debug */,
				6DD7D3EB20351B0C004F0355 /* Release */,
			);
			defaultConfigurationIsVisible = 0;
			defaultConfigurationName = Release;
		};
/* End XCConfigurationList section */
	};
	rootObject = 6DD7D3CF20351B0C004F0355 /* Project object */;
}
